
Microsoft Visual Studio Solution File, Format Version 12.00
# Visual Studio 15
Project("{FAE04EC0-301F-11D3-BF4B-00C04F79EFBC}") = "com.unity.animations.springbone.editor", "com.unity.animations.springbone.editor.csproj", "{63C226C6-E749-5F6D-B6E4-9BBEB8066711}"
EndProject
Project("{FAE04EC0-301F-11D3-BF4B-00C04F79EFBC}") = "com.unity.animations.springbone", "com.unity.animations.springbone.csproj", "{DCD2A28C-4B4C-2896-5091-08E2D065789F}"
EndProject
Project("{FAE04EC0-301F-11D3-BF4B-00C04F79EFBC}") = "Assembly-CSharp", "Assembly-CSharp.csproj", "{BBE4C0B7-168D-5554-CE98-905E8A59A1BB}"
EndProject
Project("{FAE04EC0-301F-11D3-BF4B-00C04F79EFBC}") = "com.unity.animations.springbone.editor", "com.unity.animations.springbone.editor.Player.csproj", "{A58A6EBD-CF18-D51A-055B-540399122468}"
EndProject
Project("{FAE04EC0-301F-11D3-BF4B-00C04F79EFBC}") = "com.unity.animations.springbone", "com.unity.animations.springbone.Player.csproj", "{D4AAFB63-755F-64D9-D594-C50566D26709}"
EndProject
Project("{FAE04EC0-301F-11D3-BF4B-00C04F79EFBC}") = "Assembly-CSharp", "Assembly-CSharp.Player.csproj", "{BB5F6451-AF69-7A29-1DAC-D2921A04621E}"
EndProject
Global
	GlobalSection(SolutionConfigurationPlatforms) = preSolution
		Debug|Any CPU = Debug|Any CPU
		Release|Any CPU = Release|Any CPU
	EndGlobalSection
	GlobalSection(ProjectConfigurationPlatforms) = postSolution
		{63C226C6-E749-5F6D-B6E4-9BBEB8066711}.Debug|Any CPU.ActiveCfg = Debug|Any CPU
		{63C226C6-E749-5F6D-B6E4-9BBEB8066711}.Debug|Any CPU.Build.0 = Debug|Any CPU
		{63C226C6-E749-5F6D-B6E4-9BBEB8066711}.Release|Any CPU.ActiveCfg = Release|Any CPU
		{63C226C6-E749-5F6D-B6E4-9BBEB8066711}.Release|Any CPU.Build.0 = Release|Any CPU
		{DCD2A28C-4B4C-2896-5091-08E2D065789F}.Debug|Any CPU.ActiveCfg = Debug|Any CPU
		{DCD2A28C-4B4C-2896-5091-08E2D065789F}.Debug|Any CPU.Build.0 = Debug|Any CPU
		{DCD2A28C-4B4C-2896-5091-08E2D065789F}.Release|Any CPU.ActiveCfg = Release|Any CPU
		{DCD2A28C-4B4C-2896-5091-08E2D065789F}.Release|Any CPU.Build.0 = Release|Any CPU
		{BBE4C0B7-168D-5554-CE98-905E8A59A1BB}.Debug|Any CPU.ActiveCfg = Debug|Any CPU
		{BBE4C0B7-168D-5554-CE98-905E8A59A1BB}.Debug|Any CPU.Build.0 = Debug|Any CPU
		{BBE4C0B7-168D-5554-CE98-905E8A59A1BB}.Release|Any CPU.ActiveCfg = Release|Any CPU
		{BBE4C0B7-168D-5554-CE98-905E8A59A1BB}.Release|Any CPU.Build.0 = Release|Any CPU
		{A58A6EBD-CF18-D51A-055B-540399122468}.Debug|Any CPU.ActiveCfg = Debug|Any CPU
		{A58A6EBD-CF18-D51A-055B-540399122468}.Debug|Any CPU.Build.0 = Debug|Any CPU
		{A58A6EBD-CF18-D51A-055B-540399122468}.Release|Any CPU.ActiveCfg = Release|Any CPU
		{A58A6EBD-CF18-D51A-055B-540399122468}.Release|Any CPU.Build.0 = Release|Any CPU
		{D4AAFB63-755F-64D9-D594-C50566D26709}.Debug|Any CPU.ActiveCfg = Debug|Any CPU
		{D4AAFB63-755F-64D9-D594-C50566D26709}.Debug|Any CPU.Build.0 = Debug|Any CPU
		{D4AAFB63-755F-64D9-D594-C50566D26709}.Release|Any CPU.ActiveCfg = Release|Any CPU
		{D4AAFB63-755F-64D9-D594-C50566D26709}.Release|Any CPU.Build.0 = Release|Any CPU
		{BB5F6451-AF69-7A29-1DAC-D2921A04621E}.Debug|Any CPU.ActiveCfg = Debug|Any CPU
		{BB5F6451-AF69-7A29-1DAC-D2921A04621E}.Debug|Any CPU.Build.0 = Debug|Any CPU
		{BB5F6451-AF69-7A29-1DAC-D2921A04621E}.Release|Any CPU.ActiveCfg = Release|Any CPU
		{BB5F6451-AF69-7A29-1DAC-D2921A04621E}.Release|Any CPU.Build.0 = Release|Any CPU
	EndGlobalSection
	GlobalSection(SolutionProperties) = preSolution
		HideSolutionNode = FALSE
	EndGlobalSection
EndGlobal
